{
  "requires": true,
  "lockfileVersion": 1,
  "dependencies": {
    "vue-cli-plugin-vuetify": {
      "version": "0.2.1",
      "resolved": "https://registry.npmjs.org/vue-cli-plugin-vuetify/-/vue-cli-plugin-vuetify-0.2.1.tgz",
      "integrity": "sha512-kYnDF8a8TmjF89mxHhBIqZPOizGLEXU3MLetw5kfLeG1NBeyejbdEGaUFy59LETvJFnBKYjN4OYFChlZhlLNLg==",
      "dev": true
    }
  }
}
